<?xml version="1.0" encoding="utf-8"?>
<Project ToolsVersion="4.0" xmlns="http://schemas.microsoft.com/developer/msbuild/2003">
  <ItemGroup>
    <Filter Include="Resources">
      <UniqueIdentifier>{000BCD17-6C75-818E-B5B3-3234215D5FE3}</UniqueIdentifier>
    </Filter>
    <Filter Include="Resources\shaders">
      <UniqueIdentifier>{F9C7D3DB-65DE-D171-AE55-5D931AABA2F9}</UniqueIdentifier>
    </Filter>
    <Filter Include="Resources\shaders\Cubemap">
      <UniqueIdentifier>{A5DE5AA5-11A1-8E2F-5A51-1DBCC652670D}</UniqueIdentifier>
    </Filter>
    <Filter Include="Resources\shaders\PBR">
      <UniqueIdentifier>{6C3F14B0-D8AB-CFAA-A19F-67080DCBF112}</UniqueIdentifier>
    </Filter>
    <Filter Include="Resources\shaders\basic_2D">
      <UniqueIdentifier>{1F440D11-0B54-B9E1-740D-1E00603CA87A}</UniqueIdentifier>
    </Filter>
    <Filter Include="Resources\shaders\basic_phong">
      <UniqueIdentifier>{6557BFBB-D16F-A6E5-9A1C-367F06F43A7F}</UniqueIdentifier>
    </Filter>
    <Filter Include="src">
      <UniqueIdentifier>{2DAB880B-99B4-887C-2230-9F7C8E38947C}</UniqueIdentifier>
    </Filter>
  </ItemGroup>
  <ItemGroup>
    <ClInclude Include="src\Arcana.h">
      <Filter>src</Filter>
    </ClInclude>
  </ItemGroup>
  <ItemGroup>
    <ClCompile Include="src\Arcana.cpp">
      <Filter>src</Filter>
    </ClCompile>
  </ItemGroup>
  <ItemGroup>
    <None Include="Resources\shaders\Cubemap\shader.frag">
      <Filter>Resources\shaders\Cubemap</Filter>
    </None>
    <None Include="Resources\shaders\Cubemap\shader.vert">
      <Filter>Resources\shaders\Cubemap</Filter>
    </None>
    <None Include="Resources\shaders\basic_2D\shader.frag">
      <Filter>Resources\shaders\basic_2D</Filter>
    </None>
    <None Include="Resources\shaders\basic_2D\shader.vert">
      <Filter>Resources\shaders\basic_2D</Filter>
    </None>
    <None Include="Resources\shaders\basic_phong\shader.frag">
      <Filter>Resources\shaders\basic_phong</Filter>
    </None>
    <None Include="Resources\shaders\basic_phong\shader.vert">
      <Filter>Resources\shaders\basic_phong</Filter>
    </None>
    <None Include="Resources\shaders\Light\shader.vert" />
    <None Include="Resources\shaders\Light\shader.frag" />
  </ItemGroup>
</Project>