<?xml version="1.0" encoding="utf-8"?>
<Project ToolsVersion="4.0" xmlns="http://schemas.microsoft.com/developer/msbuild/2003">
  <ItemGroup>
    <Filter Include="UI">
      <UniqueIdentifier>{83755900-6F01-880B-D8AF-880BC45A880B}</UniqueIdentifier>
    </Filter>
  </ItemGroup>
  <ItemGroup>
    <ClInclude Include="Src\EditorLayer.h" />
    <ClInclude Include="Src\GameLayer.h" />
    <ClInclude Include="Src\OutlineLayer.h" />
    <ClInclude Include="Src\UI\AssetBrowserPanel.h">
      <Filter>UI</Filter>
    </ClInclude>
    <ClInclude Include="Src\UI\ConsoleWindow.h">
      <Filter>UI</Filter>
    </ClInclude>
    <ClInclude Include="Src\UI\Dockspace.h">
      <Filter>UI</Filter>
    </ClInclude>
    <ClInclude Include="Src\UI\EditorViewport.h">
      <Filter>UI</Filter>
    </ClInclude>
    <ClInclude Include="Src\UI\GameViewport.h">
      <Filter>UI</Filter>
    </ClInclude>
    <ClInclude Include="Src\UI\Panels.h">
      <Filter>UI</Filter>
    </ClInclude>
    <ClInclude Include="Src\UI\PropertiesPanel.h">
      <Filter>UI</Filter>
    </ClInclude>
    <ClInclude Include="Src\UI\SceneGraphPanel.h">
      <Filter>UI</Filter>
    </ClInclude>
    <ClInclude Include="Src\UI\SetupWindow.h">
      <Filter>UI</Filter>
    </ClInclude>
  </ItemGroup>
  <ItemGroup>
    <ClCompile Include="Src\EditorLayer.cpp" />
    <ClCompile Include="Src\GameLayer.cpp" />
    <ClCompile Include="Src\OutlineLayer.cpp" />
    <ClCompile Include="Src\UI\AssetBrowserPanel.cpp">
      <Filter>UI</Filter>
    </ClCompile>
    <ClCompile Include="Src\UI\ConsoleWindow.cpp">
      <Filter>UI</Filter>
    </ClCompile>
    <ClCompile Include="Src\UI\Dockspace.cpp">
      <Filter>UI</Filter>
    </ClCompile>
    <ClCompile Include="Src\UI\EditorViewport.cpp">
      <Filter>UI</Filter>
    </ClCompile>
    <ClCompile Include="Src\UI\GameViewport.cpp">
      <Filter>UI</Filter>
    </ClCompile>
    <ClCompile Include="Src\UI\PropertiesPanel.cpp">
      <Filter>UI</Filter>
    </ClCompile>
    <ClCompile Include="Src\UI\SceneGraphPanel.cpp">
      <Filter>UI</Filter>
    </ClCompile>
    <ClCompile Include="Src\UI\SetupWindow.cpp">
      <Filter>UI</Filter>
    </ClCompile>
  </ItemGroup>
</Project>